{
  "name": "code-20200807-arunrajr",
  "version": "1.0.0",
  "lockfileVersion": 1,
  "requires": true,
  "dependencies": {
    "@types/node": {
      "version": "16.4.13",
      "resolved": "https://registry.npmjs.org/@types/node/-/node-16.4.13.tgz",
      "integrity": "sha512-bLL69sKtd25w7p1nvg9pigE4gtKVpGTPojBFLMkGHXuUgap2sLqQt2qUnqmVCDfzGUL0DRNZP+1prIZJbMeAXg==",
      "dev": true
    },
    "fs": {
      "version": "0.0.1-security",
      "resolved": "https://registry.npmjs.org/fs/-/fs-0.0.1-security.tgz",
      "integrity": "sha1-invTcYa23d84E/I4WLV+yq9eQdQ="
    },
    "stream-chain": {
      "version": "2.2.4",
      "resolved": "https://registry.npmjs.org/stream-chain/-/stream-chain-2.2.4.tgz",
      "integrity": "sha512-9lsl3YM53V5N/I1C2uJtc3Kavyi3kNYN83VkKb/bMWRk7D9imiFyUPYa0PoZbLohSVOX1mYE9YsmwObZUsth6Q=="
    },
    "stream-json": {
      "version": "1.7.2",
      "resolved": "https://registry.npmjs.org/stream-json/-/stream-json-1.7.2.tgz",
      "integrity": "sha512-Z/33BkkInF6AIxJqwTjQkb6GLIxDEZEHolDLhalf5mwLCTkfwCzV7NQ5xIISkYt/S0GZCjJ0aofYeKmxJTvsFw==",
      "requires": {
        "stream-chain": "^2.2.4"
      }
    },
    "typescript": {
      "version": "4.3.5",
      "resolved": "https://registry.npmjs.org/typescript/-/typescript-4.3.5.tgz",
      "integrity": "sha512-DqQgihaQ9cUrskJo9kIyW/+g0Vxsk8cDtZ52a3NGh0YNTfpUSArXSohyUGnvbPazEPLu398C0UxmKSOrPumUzA==",
      "dev": true
    }
  }
}
